
Microsoft Visual Studio Solution File, Format Version 12.00
# Visual Studio Version 16
VisualStudioVersion = 16.0.32126.315
MinimumVisualStudioVersion = 10.0.40219.1
Project("{FAE04EC0-301F-11D3-BF4B-00C04F79EFBC}") = "ProjetoElevador_Documentacao", "ProjetoElevador_Documentacao\ProjetoElevador_Documentacao.csproj", "{FD0ECBF1-A1FD-46B9-86D8-FC15D784E125}"
EndProject
Global
	GlobalSection(SolutionConfigurationPlatforms) = preSolution
		Debug|Any CPU = Debug|Any CPU
		Release|Any CPU = Release|Any CPU
	EndGlobalSection
	GlobalSection(ProjectConfigurationPlatforms) = postSolution
		{FD0ECBF1-A1FD-46B9-86D8-FC15D784E125}.Debug|Any CPU.ActiveCfg = Debug|Any CPU
		{FD0ECBF1-A1FD-46B9-86D8-FC15D784E125}.Debug|Any CPU.Build.0 = Debug|Any CPU
		{FD0ECBF1-A1FD-46B9-86D8-FC15D784E125}.Release|Any CPU.ActiveCfg = Release|Any CPU
		{FD0ECBF1-A1FD-46B9-86D8-FC15D784E125}.Release|Any CPU.Build.0 = Release|Any CPU
	EndGlobalSection
	GlobalSection(SolutionProperties) = preSolution
		HideSolutionNode = FALSE
	EndGlobalSection
	GlobalSection(ExtensibilityGlobals) = postSolution
		SolutionGuid = {8396AFF4-6E42-4E90-82FC-E4C74B8B3869}
	EndGlobalSection
EndGlobal
